
Microsoft Visual Studio Solution File, Format Version 12.00
# Visual Studio Version 17
VisualStudioVersion = 17.9.34723.18
MinimumVisualStudioVersion = 10.0.40219.1
Project("{FAE04EC0-301F-11D3-BF4B-00C04F79EFBC}") = "H6-WiseWatt-Backend.Api", "H6-WiseWatt-Backend.Api\H6-WiseWatt-Backend.Api.csproj", "{9DF40C7C-290D-45B5-92B0-AA04CDEADCEF}"
EndProject
Project("{FAE04EC0-301F-11D3-BF4B-00C04F79EFBC}") = "H6-WiseWatt-Backend.Domain", "H6-WiseWatt-Backend.Domain\H6-WiseWatt-Backend.Domain.csproj", "{4CD79A84-2869-4F7E-85D5-285108990A13}"
EndProject
Project("{FAE04EC0-301F-11D3-BF4B-00C04F79EFBC}") = "H6-WiseWatt-Backend.MySqlData", "H6-WiseWatt-Backend.MySqlData\H6-WiseWatt-Backend.MySqlData.csproj", "{277A8D6E-034D-408D-B78E-8242D97D5FF5}"
EndProject
Project("{FAE04EC0-301F-11D3-BF4B-00C04F79EFBC}") = "H6-WiseWatt-Backend.Security", "H6-WiseWatt-Backend.Security\H6-WiseWatt-Backend.Security.csproj", "{8729393B-274C-403F-ABD4-EA335F0492FA}"
EndProject
Global
	GlobalSection(SolutionConfigurationPlatforms) = preSolution
		Debug|Any CPU = Debug|Any CPU
		Release|Any CPU = Release|Any CPU
	EndGlobalSection
	GlobalSection(ProjectConfigurationPlatforms) = postSolution
		{9DF40C7C-290D-45B5-92B0-AA04CDEADCEF}.Debug|Any CPU.ActiveCfg = Debug|Any CPU
		{9DF40C7C-290D-45B5-92B0-AA04CDEADCEF}.Debug|Any CPU.Build.0 = Debug|Any CPU
		{9DF40C7C-290D-45B5-92B0-AA04CDEADCEF}.Release|Any CPU.ActiveCfg = Release|Any CPU
		{9DF40C7C-290D-45B5-92B0-AA04CDEADCEF}.Release|Any CPU.Build.0 = Release|Any CPU
		{4CD79A84-2869-4F7E-85D5-285108990A13}.Debug|Any CPU.ActiveCfg = Debug|Any CPU
		{4CD79A84-2869-4F7E-85D5-285108990A13}.Debug|Any CPU.Build.0 = Debug|Any CPU
		{4CD79A84-2869-4F7E-85D5-285108990A13}.Release|Any CPU.ActiveCfg = Release|Any CPU
		{4CD79A84-2869-4F7E-85D5-285108990A13}.Release|Any CPU.Build.0 = Release|Any CPU
		{277A8D6E-034D-408D-B78E-8242D97D5FF5}.Debug|Any CPU.ActiveCfg = Debug|Any CPU
		{277A8D6E-034D-408D-B78E-8242D97D5FF5}.Debug|Any CPU.Build.0 = Debug|Any CPU
		{277A8D6E-034D-408D-B78E-8242D97D5FF5}.Release|Any CPU.ActiveCfg = Release|Any CPU
		{277A8D6E-034D-408D-B78E-8242D97D5FF5}.Release|Any CPU.Build.0 = Release|Any CPU
		{8729393B-274C-403F-ABD4-EA335F0492FA}.Debug|Any CPU.ActiveCfg = Debug|Any CPU
		{8729393B-274C-403F-ABD4-EA335F0492FA}.Debug|Any CPU.Build.0 = Debug|Any CPU
		{8729393B-274C-403F-ABD4-EA335F0492FA}.Release|Any CPU.ActiveCfg = Release|Any CPU
		{8729393B-274C-403F-ABD4-EA335F0492FA}.Release|Any CPU.Build.0 = Release|Any CPU
	EndGlobalSection
	GlobalSection(SolutionProperties) = preSolution
		HideSolutionNode = FALSE
	EndGlobalSection
	GlobalSection(ExtensibilityGlobals) = postSolution
		SolutionGuid = {78BA87F3-A9FF-4C3F-A5CB-0FFECB29CF19}
	EndGlobalSection
EndGlobal
