
Microsoft Visual Studio Solution File, Format Version 12.00
# Visual Studio Version 17
VisualStudioVersion = 17.9.34723.18
MinimumVisualStudioVersion = 10.0.40219.1
Project("{9A19103F-16F7-4668-BE54-9A1E7A4F7556}") = "H6-WiseWatt-Backend.Api", "H6-WiseWatt-Backend.Api\H6-WiseWatt-Backend.Api.csproj", "{9DF40C7C-290D-45B5-92B0-AA04CDEADCEF}"
EndProject
Project("{9A19103F-16F7-4668-BE54-9A1E7A4F7556}") = "H6-WiseWatt-Backend.Domain", "H6-WiseWatt-Backend.Domain\H6-WiseWatt-Backend.Domain.csproj", "{4CD79A84-2869-4F7E-85D5-285108990A13}"
EndProject
Project("{9A19103F-16F7-4668-BE54-9A1E7A4F7556}") = "H6-WiseWatt-Backend.Security", "H6-WiseWatt-Backend.Security\H6-WiseWatt-Backend.Security.csproj", "{8729393B-274C-403F-ABD4-EA335F0492FA}"
EndProject
Project("{9A19103F-16F7-4668-BE54-9A1E7A4F7556}") = "H6-WiseWatt-Backend.Test", "H6-WiseWatt-Backend.Test\H6-WiseWatt-Backend.Test.csproj", "{8BE8DD92-B23D-442E-B115-0BD41C71CCB4}"
EndProject
Project("{FAE04EC0-301F-11D3-BF4B-00C04F79EFBC}") = "H6-WiseWatt-Backend.MongoData", "H6-WiseWatt-Backend.MongoData\H6-WiseWatt-Backend.MongoData.csproj", "{9536E233-859C-4AEA-B01E-2775769839FB}"
EndProject
Global
	GlobalSection(SolutionConfigurationPlatforms) = preSolution
		Debug|Any CPU = Debug|Any CPU
		Release|Any CPU = Release|Any CPU
	EndGlobalSection
	GlobalSection(ProjectConfigurationPlatforms) = postSolution
		{9DF40C7C-290D-45B5-92B0-AA04CDEADCEF}.Debug|Any CPU.ActiveCfg = Debug|Any CPU
		{9DF40C7C-290D-45B5-92B0-AA04CDEADCEF}.Debug|Any CPU.Build.0 = Debug|Any CPU
		{9DF40C7C-290D-45B5-92B0-AA04CDEADCEF}.Release|Any CPU.ActiveCfg = Release|Any CPU
		{9DF40C7C-290D-45B5-92B0-AA04CDEADCEF}.Release|Any CPU.Build.0 = Release|Any CPU
		{4CD79A84-2869-4F7E-85D5-285108990A13}.Debug|Any CPU.ActiveCfg = Debug|Any CPU
		{4CD79A84-2869-4F7E-85D5-285108990A13}.Debug|Any CPU.Build.0 = Debug|Any CPU
		{4CD79A84-2869-4F7E-85D5-285108990A13}.Release|Any CPU.ActiveCfg = Release|Any CPU
		{4CD79A84-2869-4F7E-85D5-285108990A13}.Release|Any CPU.Build.0 = Release|Any CPU
		{8729393B-274C-403F-ABD4-EA335F0492FA}.Debug|Any CPU.ActiveCfg = Debug|Any CPU
		{8729393B-274C-403F-ABD4-EA335F0492FA}.Debug|Any CPU.Build.0 = Debug|Any CPU
		{8729393B-274C-403F-ABD4-EA335F0492FA}.Release|Any CPU.ActiveCfg = Release|Any CPU
		{8729393B-274C-403F-ABD4-EA335F0492FA}.Release|Any CPU.Build.0 = Release|Any CPU
		{8BE8DD92-B23D-442E-B115-0BD41C71CCB4}.Debug|Any CPU.ActiveCfg = Debug|Any CPU
		{8BE8DD92-B23D-442E-B115-0BD41C71CCB4}.Debug|Any CPU.Build.0 = Debug|Any CPU
		{8BE8DD92-B23D-442E-B115-0BD41C71CCB4}.Release|Any CPU.ActiveCfg = Release|Any CPU
		{8BE8DD92-B23D-442E-B115-0BD41C71CCB4}.Release|Any CPU.Build.0 = Release|Any CPU
		{9536E233-859C-4AEA-B01E-2775769839FB}.Debug|Any CPU.ActiveCfg = Debug|Any CPU
		{9536E233-859C-4AEA-B01E-2775769839FB}.Debug|Any CPU.Build.0 = Debug|Any CPU
		{9536E233-859C-4AEA-B01E-2775769839FB}.Release|Any CPU.ActiveCfg = Release|Any CPU
		{9536E233-859C-4AEA-B01E-2775769839FB}.Release|Any CPU.Build.0 = Release|Any CPU
	EndGlobalSection
	GlobalSection(SolutionProperties) = preSolution
		HideSolutionNode = FALSE
	EndGlobalSection
	GlobalSection(ExtensibilityGlobals) = postSolution
		SolutionGuid = {78BA87F3-A9FF-4C3F-A5CB-0FFECB29CF19}
	EndGlobalSection
EndGlobal
